
Microsoft Visual Studio Solution File, Format Version 12.00
# Visual Studio Version 16
VisualStudioVersion = 16.0.30114.105
MinimumVisualStudioVersion = 10.0.40219.1
Project("{2150E333-8FDC-42A3-9474-1A3956D46DE8}") = "src", "src", "{6B123479-ADF4-450B-9FC7-C525E5A1227E}"
EndProject
Project("{FAE04EC0-301F-11D3-BF4B-00C04F79EFBC}") = "AggieEnterpriseApi", "src\AggieEnterpriseApi\AggieEnterpriseApi.csproj", "{3FDD3379-8CFA-409B-A582-7EA2B5730BD9}"
EndProject
Project("{2150E333-8FDC-42A3-9474-1A3956D46DE8}") = "test", "test", "{A3B7A49F-6008-4056-A677-88FD1F04FF3F}"
EndProject
Project("{FAE04EC0-301F-11D3-BF4B-00C04F79EFBC}") = "ApiTests", "test\ApiTests\ApiTests.csproj", "{24F8DAE0-856C-4FC3-ACCB-2600B19D86E1}"
EndProject
Global
	GlobalSection(SolutionConfigurationPlatforms) = preSolution
		Debug|Any CPU = Debug|Any CPU
		Release|Any CPU = Release|Any CPU
	EndGlobalSection
	GlobalSection(SolutionProperties) = preSolution
		HideSolutionNode = FALSE
	EndGlobalSection
	GlobalSection(ProjectConfigurationPlatforms) = postSolution
		{3FDD3379-8CFA-409B-A582-7EA2B5730BD9}.Debug|Any CPU.ActiveCfg = Debug|Any CPU
		{3FDD3379-8CFA-409B-A582-7EA2B5730BD9}.Debug|Any CPU.Build.0 = Debug|Any CPU
		{3FDD3379-8CFA-409B-A582-7EA2B5730BD9}.Release|Any CPU.ActiveCfg = Release|Any CPU
		{3FDD3379-8CFA-409B-A582-7EA2B5730BD9}.Release|Any CPU.Build.0 = Release|Any CPU
		{24F8DAE0-856C-4FC3-ACCB-2600B19D86E1}.Debug|Any CPU.ActiveCfg = Debug|Any CPU
		{24F8DAE0-856C-4FC3-ACCB-2600B19D86E1}.Debug|Any CPU.Build.0 = Debug|Any CPU
		{24F8DAE0-856C-4FC3-ACCB-2600B19D86E1}.Release|Any CPU.ActiveCfg = Release|Any CPU
		{24F8DAE0-856C-4FC3-ACCB-2600B19D86E1}.Release|Any CPU.Build.0 = Release|Any CPU
	EndGlobalSection
	GlobalSection(NestedProjects) = preSolution
		{3FDD3379-8CFA-409B-A582-7EA2B5730BD9} = {6B123479-ADF4-450B-9FC7-C525E5A1227E}
		{24F8DAE0-856C-4FC3-ACCB-2600B19D86E1} = {A3B7A49F-6008-4056-A677-88FD1F04FF3F}
	EndGlobalSection
EndGlobal
